
Microsoft Visual Studio Solution File, Format Version 12.00
# Visual Studio Version 17
VisualStudioVersion = 17.14.36518.9 d17.14
MinimumVisualStudioVersion = 10.0.40219.1
Project("{FAE04EC0-301F-11D3-BF4B-00C04F79EFBC}") = "CesiZen.Api", "CesiZen.Api\CesiZen.Api.csproj", "{D3FF54AA-E0D1-4329-ADAB-4952C1561A28}"
EndProject
Project("{FAE04EC0-301F-11D3-BF4B-00C04F79EFBC}") = "CesiZen.Domain", "..\CesiZen.Domain\CesiZen.Domain.csproj", "{30842D4A-D9E0-4CD2-AD0F-2C45C05F211C}"
EndProject
Project("{FAE04EC0-301F-11D3-BF4B-00C04F79EFBC}") = "CesiZen.Infrastructure", "CesiZen.Infrastructure\CesiZen.Infrastructure.csproj", "{09E077EE-D666-4B09-877A-1C33F042A1B6}"
EndProject
Global
	GlobalSection(SolutionConfigurationPlatforms) = preSolution
		Debug|Any CPU = Debug|Any CPU
		Release|Any CPU = Release|Any CPU
	EndGlobalSection
	GlobalSection(ProjectConfigurationPlatforms) = postSolution
		{D3FF54AA-E0D1-4329-ADAB-4952C1561A28}.Debug|Any CPU.ActiveCfg = Debug|Any CPU
		{D3FF54AA-E0D1-4329-ADAB-4952C1561A28}.Debug|Any CPU.Build.0 = Debug|Any CPU
		{D3FF54AA-E0D1-4329-ADAB-4952C1561A28}.Release|Any CPU.ActiveCfg = Release|Any CPU
		{D3FF54AA-E0D1-4329-ADAB-4952C1561A28}.Release|Any CPU.Build.0 = Release|Any CPU
		{30842D4A-D9E0-4CD2-AD0F-2C45C05F211C}.Debug|Any CPU.ActiveCfg = Debug|Any CPU
		{30842D4A-D9E0-4CD2-AD0F-2C45C05F211C}.Debug|Any CPU.Build.0 = Debug|Any CPU
		{30842D4A-D9E0-4CD2-AD0F-2C45C05F211C}.Release|Any CPU.ActiveCfg = Release|Any CPU
		{30842D4A-D9E0-4CD2-AD0F-2C45C05F211C}.Release|Any CPU.Build.0 = Release|Any CPU
		{09E077EE-D666-4B09-877A-1C33F042A1B6}.Debug|Any CPU.ActiveCfg = Debug|Any CPU
		{09E077EE-D666-4B09-877A-1C33F042A1B6}.Debug|Any CPU.Build.0 = Debug|Any CPU
		{09E077EE-D666-4B09-877A-1C33F042A1B6}.Release|Any CPU.ActiveCfg = Release|Any CPU
		{09E077EE-D666-4B09-877A-1C33F042A1B6}.Release|Any CPU.Build.0 = Release|Any CPU
	EndGlobalSection
	GlobalSection(SolutionProperties) = preSolution
		HideSolutionNode = FALSE
	EndGlobalSection
	GlobalSection(ExtensibilityGlobals) = postSolution
		SolutionGuid = {F476EE49-0E76-467F-B64B-5E372512C4A7}
	EndGlobalSection
EndGlobal
